
Microsoft Visual Studio Solution File, Format Version 12.00
# Visual Studio Version 17
VisualStudioVersion = 17.0.31903.59
MinimumVisualStudioVersion = 10.0.40219.1
Project("{FAE04EC0-301F-11D3-BF4B-00C04F79EFBC}") = "Matrix_Operation", "Matrix_Operation.csproj", "{C533EC6C-608E-4651-98F6-2775BF6F8BE4}"
EndProject
Project("{2150E333-8FDC-42A3-9474-1A3956D46DE8}") = "Solution Items", "Solution Items", "{8E9E0494-2E0F-4927-822D-B88A98D65C55}"
EndProject
Global
	GlobalSection(SolutionConfigurationPlatforms) = preSolution
		Debug|Any CPU = Debug|Any CPU
		Release|Any CPU = Release|Any CPU
	EndGlobalSection
	GlobalSection(ProjectConfigurationPlatforms) = postSolution
		{C533EC6C-608E-4651-98F6-2775BF6F8BE4}.Debug|Any CPU.ActiveCfg = Debug|Any CPU
		{C533EC6C-608E-4651-98F6-2775BF6F8BE4}.Debug|Any CPU.Build.0 = Debug|Any CPU
		{C533EC6C-608E-4651-98F6-2775BF6F8BE4}.Release|Any CPU.ActiveCfg = Release|Any CPU
		{C533EC6C-608E-4651-98F6-2775BF6F8BE4}.Release|Any CPU.Build.0 = Release|Any CPU
	EndGlobalSection
	GlobalSection(SolutionProperties) = preSolution
		HideSolutionNode = FALSE
	EndGlobalSection
	GlobalSection(ExtensibilityGlobals) = postSolution
		SolutionGuid = {81530447-C98E-4DA1-85B0-55DFAA405F54}
	EndGlobalSection
EndGlobal
